
Microsoft Visual Studio Solution File, Format Version 12.00
# Visual Studio Version 16
VisualStudioVersion = 16.0.30503.244
MinimumVisualStudioVersion = 10.0.40219.1
Project("{9A19103F-16F7-4668-BE54-9A1E7A4F7556}") = "TestUtility", "TestUtility.csproj", "{B7DA4D7C-A9AB-4641-9411-B760CCF41F90}"
EndProject
Global
	GlobalSection(SolutionConfigurationPlatforms) = preSolution
		Debug|Any CPU = Debug|Any CPU
		Release|Any CPU = Release|Any CPU
	EndGlobalSection
	GlobalSection(ProjectConfigurationPlatforms) = postSolution
		{B7DA4D7C-A9AB-4641-9411-B760CCF41F90}.Debug|Any CPU.ActiveCfg = Debug|Any CPU
		{B7DA4D7C-A9AB-4641-9411-B760CCF41F90}.Debug|Any CPU.Build.0 = Debug|Any CPU
		{B7DA4D7C-A9AB-4641-9411-B760CCF41F90}.Release|Any CPU.ActiveCfg = Release|Any CPU
		{B7DA4D7C-A9AB-4641-9411-B760CCF41F90}.Release|Any CPU.Build.0 = Release|Any CPU
	EndGlobalSection
	GlobalSection(SolutionProperties) = preSolution
		HideSolutionNode = FALSE
	EndGlobalSection
	GlobalSection(ExtensibilityGlobals) = postSolution
		SolutionGuid = {05CFE807-98A6-4D6D-A931-B1614C821FDE}
	EndGlobalSection
EndGlobal
